
Microsoft Visual Studio Solution File, Format Version 12.00
# Visual Studio Version 16
VisualStudioVersion = 16.0.31624.102
MinimumVisualStudioVersion = 10.0.40219.1
Project("{FAE04EC0-301F-11D3-BF4B-00C04F79EFBC}") = "Traveling Sales Person", "Traveling Sales Person.csproj", "{BC9F764D-91BF-484B-BFC8-768F34B4F4EE}"
EndProject
Global
	GlobalSection(SolutionConfigurationPlatforms) = preSolution
		Debug|Any CPU = Debug|Any CPU
		Release|Any CPU = Release|Any CPU
	EndGlobalSection
	GlobalSection(ProjectConfigurationPlatforms) = postSolution
		{BC9F764D-91BF-484B-BFC8-768F34B4F4EE}.Debug|Any CPU.ActiveCfg = Debug|Any CPU
		{BC9F764D-91BF-484B-BFC8-768F34B4F4EE}.Debug|Any CPU.Build.0 = Debug|Any CPU
		{BC9F764D-91BF-484B-BFC8-768F34B4F4EE}.Release|Any CPU.ActiveCfg = Release|Any CPU
		{BC9F764D-91BF-484B-BFC8-768F34B4F4EE}.Release|Any CPU.Build.0 = Release|Any CPU
	EndGlobalSection
	GlobalSection(SolutionProperties) = preSolution
		HideSolutionNode = FALSE
	EndGlobalSection
	GlobalSection(ExtensibilityGlobals) = postSolution
		SolutionGuid = {47A95695-2325-4010-B74B-8753AB511CF0}
	EndGlobalSection
EndGlobal
